// !$*UTF8*$!
{
	archiveVersion = 1;
	classes = {
	};
	objectVersion = 56;
	objects = {

/* Begin PBXBuildFile section */
		3243CBDBFBDEA9B57A60F13A /* Pods_HealthCareViewer.framework in Frameworks */ = {isa = PBXBuildFile; fileRef = 3EEDEE8B9BA06E6C8D4FB19F /* Pods_HealthCareViewer.framework */; };
		FA55744E2BD775DB00738114 /* AppDelegate.swift in Sources */ = {isa = PBXBuildFile; fileRef = FA55744D2BD775DB00738114 /* AppDelegate.swift */; };
		FA5574502BD775DB00738114 /* SceneDelegate.swift in Sources */ = {isa = PBXBuildFile; fileRef = FA55744F2BD775DB00738114 /* SceneDelegate.swift */; };
		FA5574522BD775DB00738114 /* ViewController.swift in Sources */ = {isa = PBXBuildFile; fileRef = FA5574512BD775DB00738114 /* ViewController.swift */; };
		FA5574572BD775DD00738114 /* Assets.xcassets in Resources */ = {isa = PBXBuildFile; fileRef = FA5574562BD775DD00738114 /* Assets.xcassets */; };
		FA55745A2BD775DD00738114 /* LaunchScreen.storyboard in Resources */ = {isa = PBXBuildFile; fileRef = FA5574582BD775DD00738114 /* LaunchScreen.storyboard */; };
		FA5574662BD798A900738114 /* SignInViewController.swift in Sources */ = {isa = PBXBuildFile; fileRef = FA5574652BD798A900738114 /* SignInViewController.swift */; };
		FA5574682BD7997900738114 /* SignInView.swift in Sources */ = {isa = PBXBuildFile; fileRef = FA5574672BD7997900738114 /* SignInView.swift */; };
		FA55746A2BD7998900738114 /* SignInModel.swift in Sources */ = {isa = PBXBuildFile; fileRef = FA5574692BD7998900738114 /* SignInModel.swift */; };
/* End PBXBuildFile section */

/* Begin PBXFileReference section */
		282541313DB27B37A8FF421C /* Pods-HealthCareViewer.debug.xcconfig */ = {isa = PBXFileReference; includeInIndex = 1; lastKnownFileType = text.xcconfig; name = "Pods-HealthCareViewer.debug.xcconfig"; path = "Target Support Files/Pods-HealthCareViewer/Pods-HealthCareViewer.debug.xcconfig"; sourceTree = "<group>"; };
		3EEDEE8B9BA06E6C8D4FB19F /* Pods_HealthCareViewer.framework */ = {isa = PBXFileReference; explicitFileType = wrapper.framework; includeInIndex = 0; path = Pods_HealthCareViewer.framework; sourceTree = BUILT_PRODUCTS_DIR; };
		A9BA67BE541AF3A801929A7E /* Pods-HealthCareViewer.release.xcconfig */ = {isa = PBXFileReference; includeInIndex = 1; lastKnownFileType = text.xcconfig; name = "Pods-HealthCareViewer.release.xcconfig"; path = "Target Support Files/Pods-HealthCareViewer/Pods-HealthCareViewer.release.xcconfig"; sourceTree = "<group>"; };
		FA55744A2BD775DB00738114 /* HealthCareViewer.app */ = {isa = PBXFileReference; explicitFileType = wrapper.application; includeInIndex = 0; path = HealthCareViewer.app; sourceTree = BUILT_PRODUCTS_DIR; };
		FA55744D2BD775DB00738114 /* AppDelegate.swift */ = {isa = PBXFileReference; lastKnownFileType = sourcecode.swift; path = AppDelegate.swift; sourceTree = "<group>"; };
		FA55744F2BD775DB00738114 /* SceneDelegate.swift */ = {isa = PBXFileReference; lastKnownFileType = sourcecode.swift; path = SceneDelegate.swift; sourceTree = "<group>"; };
		FA5574512BD775DB00738114 /* ViewController.swift */ = {isa = PBXFileReference; lastKnownFileType = sourcecode.swift; path = ViewController.swift; sourceTree = "<group>"; };
		FA5574562BD775DD00738114 /* Assets.xcassets */ = {isa = PBXFileReference; lastKnownFileType = folder.assetcatalog; path = Assets.xcassets; sourceTree = "<group>"; };
		FA5574592BD775DD00738114 /* Base */ = {isa = PBXFileReference; lastKnownFileType = file.storyboard; name = Base; path = Base.lproj/LaunchScreen.storyboard; sourceTree = "<group>"; };
		FA55745B2BD775DD00738114 /* Info.plist */ = {isa = PBXFileReference; lastKnownFileType = text.plist.xml; path = Info.plist; sourceTree = "<group>"; };
		FA5574652BD798A900738114 /* SignInViewController.swift */ = {isa = PBXFileReference; lastKnownFileType = sourcecode.swift; path = SignInViewController.swift; sourceTree = "<group>"; };
		FA5574672BD7997900738114 /* SignInView.swift */ = {isa = PBXFileReference; lastKnownFileType = sourcecode.swift; path = SignInView.swift; sourceTree = "<group>"; };
		FA5574692BD7998900738114 /* SignInModel.swift */ = {isa = PBXFileReference; lastKnownFileType = sourcecode.swift; path = SignInModel.swift; sourceTree = "<group>"; };
/* End PBXFileReference section */

/* Begin PBXFrameworksBuildPhase section */
		FA5574472BD775DB00738114 /* Frameworks */ = {
			isa = PBXFrameworksBuildPhase;
			buildActionMask = 2147483647;
			files = (
				3243CBDBFBDEA9B57A60F13A /* Pods_HealthCareViewer.framework in Frameworks */,
			);
			runOnlyForDeploymentPostprocessing = 0;
		};
/* End PBXFrameworksBuildPhase section */

/* Begin PBXGroup section */
		1D5BB96B8A6C203CF59E830C /* Pods */ = {
			isa = PBXGroup;
			children = (
				282541313DB27B37A8FF421C /* Pods-HealthCareViewer.debug.xcconfig */,
				A9BA67BE541AF3A801929A7E /* Pods-HealthCareViewer.release.xcconfig */,
			);
			path = Pods;
			sourceTree = "<group>";
		};
		77EA1C5570E6E29F84B52BCF /* Frameworks */ = {
			isa = PBXGroup;
			children = (
				3EEDEE8B9BA06E6C8D4FB19F /* Pods_HealthCareViewer.framework */,
			);
			name = Frameworks;
			sourceTree = "<group>";
		};
		FA5574412BD775DB00738114 = {
			isa = PBXGroup;
			children = (
				FA55744C2BD775DB00738114 /* HealthCareViewer */,
				FA55744B2BD775DB00738114 /* Products */,
				1D5BB96B8A6C203CF59E830C /* Pods */,
				77EA1C5570E6E29F84B52BCF /* Frameworks */,
			);
			sourceTree = "<group>";
		};
		FA55744B2BD775DB00738114 /* Products */ = {
			isa = PBXGroup;
			children = (
				FA55744A2BD775DB00738114 /* HealthCareViewer.app */,
			);
			name = Products;
			sourceTree = "<group>";
		};
		FA55744C2BD775DB00738114 /* HealthCareViewer */ = {
			isa = PBXGroup;
			children = (
				FA5574642BD793A600738114 /* Supports */,
				FA5574632BD7939100738114 /* Controllers */,
				FA5574622BD7938200738114 /* Views */,
				FA5574612BD7937800738114 /* Models */,
			);
			path = HealthCareViewer;
			sourceTree = "<group>";
		};
		FA5574612BD7937800738114 /* Models */ = {
			isa = PBXGroup;
			children = (
				FA5574692BD7998900738114 /* SignInModel.swift */,
			);
			path = Models;
			sourceTree = "<group>";
		};
		FA5574622BD7938200738114 /* Views */ = {
			isa = PBXGroup;
			children = (
				FA5574672BD7997900738114 /* SignInView.swift */,
			);
			path = Views;
			sourceTree = "<group>";
		};
		FA5574632BD7939100738114 /* Controllers */ = {
			isa = PBXGroup;
			children = (
				FA5574512BD775DB00738114 /* ViewController.swift */,
				FA5574652BD798A900738114 /* SignInViewController.swift */,
			);
			path = Controllers;
			sourceTree = "<group>";
		};
		FA5574642BD793A600738114 /* Supports */ = {
			isa = PBXGroup;
			children = (
				FA55744D2BD775DB00738114 /* AppDelegate.swift */,
				FA55744F2BD775DB00738114 /* SceneDelegate.swift */,
				FA5574562BD775DD00738114 /* Assets.xcassets */,
				FA5574582BD775DD00738114 /* LaunchScreen.storyboard */,
				FA55745B2BD775DD00738114 /* Info.plist */,
			);
			path = Supports;
			sourceTree = "<group>";
		};
/* End PBXGroup section */

/* Begin PBXNativeTarget section */
		FA5574492BD775DB00738114 /* HealthCareViewer */ = {
			isa = PBXNativeTarget;
			buildConfigurationList = FA55745E2BD775DD00738114 /* Build configuration list for PBXNativeTarget "HealthCareViewer" */;
			buildPhases = (
				1CA460CA133E541AD410BD65 /* [CP] Check Pods Manifest.lock */,
				FA5574462BD775DB00738114 /* Sources */,
				FA5574472BD775DB00738114 /* Frameworks */,
				FA5574482BD775DB00738114 /* Resources */,
				7296471CD7FCED0A9716745E /* [CP] Embed Pods Frameworks */,
			);
			buildRules = (
			);
			dependencies = (
			);
			name = HealthCareViewer;
			productName = HealthCareViewer;
			productReference = FA55744A2BD775DB00738114 /* HealthCareViewer.app */;
			productType = "com.apple.product-type.application";
		};
/* End PBXNativeTarget section */

/* Begin PBXProject section */
		FA5574422BD775DB00738114 /* Project object */ = {
			isa = PBXProject;
			attributes = {
				BuildIndependentTargetsInParallel = 1;
				LastSwiftUpdateCheck = 1500;
				LastUpgradeCheck = 1500;
				TargetAttributes = {
					FA5574492BD775DB00738114 = {
						CreatedOnToolsVersion = 15.0;
					};
				};
			};
			buildConfigurationList = FA5574452BD775DB00738114 /* Build configuration list for PBXProject "HealthCareViewer" */;
			compatibilityVersion = "Xcode 14.0";
			developmentRegion = en;
			hasScannedForEncodings = 0;
			knownRegions = (
				en,
				Base,
			);
			mainGroup = FA5574412BD775DB00738114;
			productRefGroup = FA55744B2BD775DB00738114 /* Products */;
			projectDirPath = "";
			projectRoot = "";
			targets = (
				FA5574492BD775DB00738114 /* HealthCareViewer */,
			);
		};
/* End PBXProject section */

/* Begin PBXResourcesBuildPhase section */
		FA5574482BD775DB00738114 /* Resources */ = {
			isa = PBXResourcesBuildPhase;
			buildActionMask = 2147483647;
			files = (
				FA55745A2BD775DD00738114 /* LaunchScreen.storyboard in Resources */,
				FA5574572BD775DD00738114 /* Assets.xcassets in Resources */,
			);
			runOnlyForDeploymentPostprocessing = 0;
		};
/* End PBXResourcesBuildPhase section */

/* Begin PBXShellScriptBuildPhase section */
		1CA460CA133E541AD410BD65 /* [CP] Check Pods Manifest.lock */ = {
			isa = PBXShellScriptBuildPhase;
			buildActionMask = 2147483647;
			files = (
			);
			inputFileListPaths = (
			);
			inputPaths = (
				"${PODS_PODFILE_DIR_PATH}/Podfile.lock",
				"${PODS_ROOT}/Manifest.lock",
			);
			name = "[CP] Check Pods Manifest.lock";
			outputFileListPaths = (
			);
			outputPaths = (
				"$(DERIVED_FILE_DIR)/Pods-HealthCareViewer-checkManifestLockResult.txt",
			);
			runOnlyForDeploymentPostprocessing = 0;
			shellPath = /bin/sh;
			shellScript = "diff \"${PODS_PODFILE_DIR_PATH}/Podfile.lock\" \"${PODS_ROOT}/Manifest.lock\" > /dev/null\nif [ $? != 0 ] ; then\n    # print error to STDERR\n    echo \"error: The sandbox is not in sync with the Podfile.lock. Run 'pod install' or update your CocoaPods installation.\" >&2\n    exit 1\nfi\n# This output is used by Xcode 'outputs' to avoid re-running this script phase.\necho \"SUCCESS\" > \"${SCRIPT_OUTPUT_FILE_0}\"\n";
			showEnvVarsInLog = 0;
		};
		7296471CD7FCED0A9716745E /* [CP] Embed Pods Frameworks */ = {
			isa = PBXShellScriptBuildPhase;
			buildActionMask = 2147483647;
			files = (
			);
			inputFileListPaths = (
				"${PODS_ROOT}/Target Support Files/Pods-HealthCareViewer/Pods-HealthCareViewer-frameworks-${CONFIGURATION}-input-files.xcfilelist",
			);
			name = "[CP] Embed Pods Frameworks";
			outputFileListPaths = (
				"${PODS_ROOT}/Target Support Files/Pods-HealthCareViewer/Pods-HealthCareViewer-frameworks-${CONFIGURATION}-output-files.xcfilelist",
			);
			runOnlyForDeploymentPostprocessing = 0;
			shellPath = /bin/sh;
			shellScript = "\"${PODS_ROOT}/Target Support Files/Pods-HealthCareViewer/Pods-HealthCareViewer-frameworks.sh\"\n";
			showEnvVarsInLog = 0;
		};
/* End PBXShellScriptBuildPhase section */

/* Begin PBXSourcesBuildPhase section */
		FA5574462BD775DB00738114 /* Sources */ = {
			isa = PBXSourcesBuildPhase;
			buildActionMask = 2147483647;
			files = (
				FA55746A2BD7998900738114 /* SignInModel.swift in Sources */,
				FA5574662BD798A900738114 /* SignInViewController.swift in Sources */,
				FA5574522BD775DB00738114 /* ViewController.swift in Sources */,
				FA55744E2BD775DB00738114 /* AppDelegate.swift in Sources */,
				FA5574502BD775DB00738114 /* SceneDelegate.swift in Sources */,
				FA5574682BD7997900738114 /* SignInView.swift in Sources */,
			);
			runOnlyForDeploymentPostprocessing = 0;
		};
/* End PBXSourcesBuildPhase section */

/* Begin PBXVariantGroup section */
		FA5574582BD775DD00738114 /* LaunchScreen.storyboard */ = {
			isa = PBXVariantGroup;
			children = (
				FA5574592BD775DD00738114 /* Base */,
			);
			name = LaunchScreen.storyboard;
			sourceTree = "<group>";
		};
/* End PBXVariantGroup section */

/* Begin XCBuildConfiguration section */
		FA55745C2BD775DD00738114 /* Debug */ = {
			isa = XCBuildConfiguration;
			buildSettings = {
				ALWAYS_SEARCH_USER_PATHS = NO;
				ASSETCATALOG_COMPILER_GENERATE_SWIFT_ASSET_SYMBOL_EXTENSIONS = YES;
				CLANG_ANALYZER_NONNULL = YES;
				CLANG_ANALYZER_NUMBER_OBJECT_CONVERSION = YES_AGGRESSIVE;
				CLANG_CXX_LANGUAGE_STANDARD = "gnu++20";
				CLANG_ENABLE_MODULES = YES;
				CLANG_ENABLE_OBJC_ARC = YES;
				CLANG_ENABLE_OBJC_WEAK = YES;
				CLANG_WARN_BLOCK_CAPTURE_AUTORELEASING = YES;
				CLANG_WARN_BOOL_CONVERSION = YES;
				CLANG_WARN_COMMA = YES;
				CLANG_WARN_CONSTANT_CONVERSION = YES;
				CLANG_WARN_DEPRECATED_OBJC_IMPLEMENTATIONS = YES;
				CLANG_WARN_DIRECT_OBJC_ISA_USAGE = YES_ERROR;
				CLANG_WARN_DOCUMENTATION_COMMENTS = YES;
				CLANG_WARN_EMPTY_BODY = YES;
				CLANG_WARN_ENUM_CONVERSION = YES;
				CLANG_WARN_INFINITE_RECURSION = YES;
				CLANG_WARN_INT_CONVERSION = YES;
				CLANG_WARN_NON_LITERAL_NULL_CONVERSION = YES;
				CLANG_WARN_OBJC_IMPLICIT_RETAIN_SELF = YES;
				CLANG_WARN_OBJC_LITERAL_CONVERSION = YES;
				CLANG_WARN_OBJC_ROOT_CLASS = YES_ERROR;
				CLANG_WARN_QUOTED_INCLUDE_IN_FRAMEWORK_HEADER = YES;
				CLANG_WARN_RANGE_LOOP_ANALYSIS = YES;
				CLANG_WARN_STRICT_PROTOTYPES = YES;
				CLANG_WARN_SUSPICIOUS_MOVE = YES;
				CLANG_WARN_UNGUARDED_AVAILABILITY = YES_AGGRESSIVE;
				CLANG_WARN_UNREACHABLE_CODE = YES;
				CLANG_WARN__DUPLICATE_METHOD_MATCH = YES;
				COPY_PHASE_STRIP = NO;
				DEBUG_INFORMATION_FORMAT = dwarf;
				ENABLE_STRICT_OBJC_MSGSEND = YES;
				ENABLE_TESTABILITY = YES;
				ENABLE_USER_SCRIPT_SANDBOXING = YES;
				GCC_C_LANGUAGE_STANDARD = gnu17;
				GCC_DYNAMIC_NO_PIC = NO;
				GCC_NO_COMMON_BLOCKS = YES;
				GCC_OPTIMIZATION_LEVEL = 0;
				GCC_PREPROCESSOR_DEFINITIONS = (
					"DEBUG=1",
					"$(inherited)",
				);
				GCC_WARN_64_TO_32_BIT_CONVERSION = YES;
				GCC_WARN_ABOUT_RETURN_TYPE = YES_ERROR;
				GCC_WARN_UNDECLARED_SELECTOR = YES;
				GCC_WARN_UNINITIALIZED_AUTOS = YES_AGGRESSIVE;
				GCC_WARN_UNUSED_FUNCTION = YES;
				GCC_WARN_UNUSED_VARIABLE = YES;
				IPHONEOS_DEPLOYMENT_TARGET = 17.0;
				LOCALIZATION_PREFERS_STRING_CATALOGS = YES;
				MTL_ENABLE_DEBUG_INFO = INCLUDE_SOURCE;
				MTL_FAST_MATH = YES;
				ONLY_ACTIVE_ARCH = YES;
				SDKROOT = iphoneos;
				SWIFT_ACTIVE_COMPILATION_CONDITIONS = "DEBUG $(inherited)";
				SWIFT_OPTIMIZATION_LEVEL = "-Onone";
			};
			name = Debug;
		};
		FA55745D2BD775DD00738114 /* Release */ = {
			isa = XCBuildConfiguration;
			buildSettings = {
				ALWAYS_SEARCH_USER_PATHS = NO;
				ASSETCATALOG_COMPILER_GENERATE_SWIFT_ASSET_SYMBOL_EXTENSIONS = YES;
				CLANG_ANALYZER_NONNULL = YES;
				CLANG_ANALYZER_NUMBER_OBJECT_CONVERSION = YES_AGGRESSIVE;
				CLANG_CXX_LANGUAGE_STANDARD = "gnu++20";
				CLANG_ENABLE_MODULES = YES;
				CLANG_ENABLE_OBJC_ARC = YES;
				CLANG_ENABLE_OBJC_WEAK = YES;
				CLANG_WARN_BLOCK_CAPTURE_AUTORELEASING = YES;
				CLANG_WARN_BOOL_CONVERSION = YES;
				CLANG_WARN_COMMA = YES;
				CLANG_WARN_CONSTANT_CONVERSION = YES;
				CLANG_WARN_DEPRECATED_OBJC_IMPLEMENTATIONS = YES;
				CLANG_WARN_DIRECT_OBJC_ISA_USAGE = YES_ERROR;
				CLANG_WARN_DOCUMENTATION_COMMENTS = YES;
				CLANG_WARN_EMPTY_BODY = YES;
				CLANG_WARN_ENUM_CONVERSION = YES;
				CLANG_WARN_INFINITE_RECURSION = YES;
				CLANG_WARN_INT_CONVERSION = YES;
				CLANG_WARN_NON_LITERAL_NULL_CONVERSION = YES;
				CLANG_WARN_OBJC_IMPLICIT_RETAIN_SELF = YES;
				CLANG_WARN_OBJC_LITERAL_CONVERSION = YES;
				CLANG_WARN_OBJC_ROOT_CLASS = YES_ERROR;
				CLANG_WARN_QUOTED_INCLUDE_IN_FRAMEWORK_HEADER = YES;
				CLANG_WARN_RANGE_LOOP_ANALYSIS = YES;
				CLANG_WARN_STRICT_PROTOTYPES = YES;
				CLANG_WARN_SUSPICIOUS_MOVE = YES;
				CLANG_WARN_UNGUARDED_AVAILABILITY = YES_AGGRESSIVE;
				CLANG_WARN_UNREACHABLE_CODE = YES;
				CLANG_WARN__DUPLICATE_METHOD_MATCH = YES;
				COPY_PHASE_STRIP = NO;
				DEBUG_INFORMATION_FORMAT = "dwarf-with-dsym";
				ENABLE_NS_ASSERTIONS = NO;
				ENABLE_STRICT_OBJC_MSGSEND = YES;
				ENABLE_USER_SCRIPT_SANDBOXING = YES;
				GCC_C_LANGUAGE_STANDARD = gnu17;
				GCC_NO_COMMON_BLOCKS = YES;
				GCC_WARN_64_TO_32_BIT_CONVERSION = YES;
				GCC_WARN_ABOUT_RETURN_TYPE = YES_ERROR;
				GCC_WARN_UNDECLARED_SELECTOR = YES;
				GCC_WARN_UNINITIALIZED_AUTOS = YES_AGGRESSIVE;
				GCC_WARN_UNUSED_FUNCTION = YES;
				GCC_WARN_UNUSED_VARIABLE = YES;
				IPHONEOS_DEPLOYMENT_TARGET = 17.0;
				LOCALIZATION_PREFERS_STRING_CATALOGS = YES;
				MTL_ENABLE_DEBUG_INFO = NO;
				MTL_FAST_MATH = YES;
				SDKROOT = iphoneos;
				SWIFT_COMPILATION_MODE = wholemodule;
				VALIDATE_PRODUCT = YES;
			};
			name = Release;
		};
		FA55745F2BD775DD00738114 /* Debug */ = {
			isa = XCBuildConfiguration;
			baseConfigurationReference = 282541313DB27B37A8FF421C /* Pods-HealthCareViewer.debug.xcconfig */;
			buildSettings = {
				ASSETCATALOG_COMPILER_APPICON_NAME = AppIcon;
				ASSETCATALOG_COMPILER_GLOBAL_ACCENT_COLOR_NAME = AccentColor;
				CODE_SIGN_STYLE = Automatic;
				CURRENT_PROJECT_VERSION = 1;
				DEVELOPMENT_TEAM = GGQP4YG839;
				ENABLE_USER_SCRIPT_SANDBOXING = NO;
				GENERATE_INFOPLIST_FILE = YES;
				INFOPLIST_FILE = HealthCareViewer/Supports/Info.plist;
				INFOPLIST_KEY_UIApplicationSupportsIndirectInputEvents = YES;
				INFOPLIST_KEY_UILaunchStoryboardName = LaunchScreen;
				INFOPLIST_KEY_UIMainStoryboardFile = LaunchScreen;
				INFOPLIST_KEY_UIStatusBarStyle = "";
				INFOPLIST_KEY_UISupportedInterfaceOrientations_iPad = "UIInterfaceOrientationPortrait UIInterfaceOrientationPortraitUpsideDown UIInterfaceOrientationLandscapeLeft UIInterfaceOrientationLandscapeRight";
				INFOPLIST_KEY_UISupportedInterfaceOrientations_iPhone = "UIInterfaceOrientationPortrait UIInterfaceOrientationLandscapeLeft UIInterfaceOrientationLandscapeRight";
				LD_RUNPATH_SEARCH_PATHS = (
					"$(inherited)",
					"@executable_path/Frameworks",
				);
				MARKETING_VERSION = 1.0;
				PRODUCT_BUNDLE_IDENTIFIER = com.codewithviet.HealthCareViewer;
				PRODUCT_NAME = "$(TARGET_NAME)";
				SWIFT_EMIT_LOC_STRINGS = YES;
				SWIFT_VERSION = 5.0;
				TARGETED_DEVICE_FAMILY = "1,2";
			};
			name = Debug;
		};
		FA5574602BD775DD00738114 /* Release */ = {
			isa = XCBuildConfiguration;
			baseConfigurationReference = A9BA67BE541AF3A801929A7E /* Pods-HealthCareViewer.release.xcconfig */;
			buildSettings = {
				ASSETCATALOG_COMPILER_APPICON_NAME = AppIcon;
				ASSETCATALOG_COMPILER_GLOBAL_ACCENT_COLOR_NAME = AccentColor;
				CODE_SIGN_STYLE = Automatic;
				CURRENT_PROJECT_VERSION = 1;
				DEVELOPMENT_TEAM = GGQP4YG839;
				ENABLE_USER_SCRIPT_SANDBOXING = NO;
				GENERATE_INFOPLIST_FILE = YES;
				INFOPLIST_FILE = HealthCareViewer/Supports/Info.plist;
				INFOPLIST_KEY_UIApplicationSupportsIndirectInputEvents = YES;
				INFOPLIST_KEY_UILaunchStoryboardName = LaunchScreen;
				INFOPLIST_KEY_UIMainStoryboardFile = LaunchScreen;
				INFOPLIST_KEY_UIStatusBarStyle = "";
				INFOPLIST_KEY_UISupportedInterfaceOrientations_iPad = "UIInterfaceOrientationPortrait UIInterfaceOrientationPortraitUpsideDown UIInterfaceOrientationLandscapeLeft UIInterfaceOrientationLandscapeRight";
				INFOPLIST_KEY_UISupportedInterfaceOrientations_iPhone = "UIInterfaceOrientationPortrait UIInterfaceOrientationLandscapeLeft UIInterfaceOrientationLandscapeRight";
				LD_RUNPATH_SEARCH_PATHS = (
					"$(inherited)",
					"@executable_path/Frameworks",
				);
				MARKETING_VERSION = 1.0;
				PRODUCT_BUNDLE_IDENTIFIER = com.codewithviet.HealthCareViewer;
				PRODUCT_NAME = "$(TARGET_NAME)";
				SWIFT_EMIT_LOC_STRINGS = YES;
				SWIFT_VERSION = 5.0;
				TARGETED_DEVICE_FAMILY = "1,2";
			};
			name = Release;
		};
/* End XCBuildConfiguration section */

/* Begin XCConfigurationList section */
		FA5574452BD775DB00738114 /* Build configuration list for PBXProject "HealthCareViewer" */ = {
			isa = XCConfigurationList;
			buildConfigurations = (
				FA55745C2BD775DD00738114 /* Debug */,
				FA55745D2BD775DD00738114 /* Release */,
			);
			defaultConfigurationIsVisible = 0;
			defaultConfigurationName = Release;
		};
		FA55745E2BD775DD00738114 /* Build configuration list for PBXNativeTarget "HealthCareViewer" */ = {
			isa = XCConfigurationList;
			buildConfigurations = (
				FA55745F2BD775DD00738114 /* Debug */,
				FA5574602BD775DD00738114 /* Release */,
			);
			defaultConfigurationIsVisible = 0;
			defaultConfigurationName = Release;
		};
/* End XCConfigurationList section */
	};
	rootObject = FA5574422BD775DB00738114 /* Project object */;
}
